
Microsoft Visual Studio Solution File, Format Version 12.00
# Visual Studio 15
VisualStudioVersion = 15.0.27130.2036
MinimumVisualStudioVersion = 10.0.40219.1
Project("{2150E333-8FDC-42A3-9474-1A3956D46DE8}") = "Tests", "Tests", "{3A2D90CA-4D32-4D04-A7EC-71E5D2E05633}"
EndProject
Project("{9A19103F-16F7-4668-BE54-9A1E7A4F7556}") = "Cryptography", "Console\Cryptography.csproj", "{47E8D375-000F-40E2-9200-17D58EF5BCAC}"
EndProject
Project("{9A19103F-16F7-4668-BE54-9A1E7A4F7556}") = "Cryptography.Common", "Common\Cryptography.Common.csproj", "{D7E9A14C-43E6-4A78-9EC0-64D8B47978CD}"
EndProject
Project("{9A19103F-16F7-4668-BE54-9A1E7A4F7556}") = "Cryptography.Common.Tests", "Tests\Common\Cryptography.Common.Tests.csproj", "{AB7A45A5-D6CA-4CF3-9A3A-3BFCAA8E6E1C}"
EndProject
Project("{9A19103F-16F7-4668-BE54-9A1E7A4F7556}") = "Cryptography.Core", "Core\Cryptography.Core.csproj", "{F997894F-789C-43AD-A341-6A1D91F1F0C9}"
EndProject
Project("{9A19103F-16F7-4668-BE54-9A1E7A4F7556}") = "Cryptography.Core.Tests", "Tests\Core\Cryptography.Core.Tests.csproj", "{893A8B70-784B-4609-AB9F-CD7FD46F6562}"
EndProject
Global
	GlobalSection(SolutionConfigurationPlatforms) = preSolution
		Debug|Any CPU = Debug|Any CPU
		Release|Any CPU = Release|Any CPU
	EndGlobalSection
	GlobalSection(ProjectConfigurationPlatforms) = postSolution
		{47E8D375-000F-40E2-9200-17D58EF5BCAC}.Debug|Any CPU.ActiveCfg = Debug|Any CPU
		{47E8D375-000F-40E2-9200-17D58EF5BCAC}.Debug|Any CPU.Build.0 = Debug|Any CPU
		{47E8D375-000F-40E2-9200-17D58EF5BCAC}.Release|Any CPU.ActiveCfg = Release|Any CPU
		{47E8D375-000F-40E2-9200-17D58EF5BCAC}.Release|Any CPU.Build.0 = Release|Any CPU
		{D7E9A14C-43E6-4A78-9EC0-64D8B47978CD}.Debug|Any CPU.ActiveCfg = Debug|Any CPU
		{D7E9A14C-43E6-4A78-9EC0-64D8B47978CD}.Debug|Any CPU.Build.0 = Debug|Any CPU
		{D7E9A14C-43E6-4A78-9EC0-64D8B47978CD}.Release|Any CPU.ActiveCfg = Release|Any CPU
		{D7E9A14C-43E6-4A78-9EC0-64D8B47978CD}.Release|Any CPU.Build.0 = Release|Any CPU
		{AB7A45A5-D6CA-4CF3-9A3A-3BFCAA8E6E1C}.Debug|Any CPU.ActiveCfg = Debug|Any CPU
		{AB7A45A5-D6CA-4CF3-9A3A-3BFCAA8E6E1C}.Debug|Any CPU.Build.0 = Debug|Any CPU
		{AB7A45A5-D6CA-4CF3-9A3A-3BFCAA8E6E1C}.Release|Any CPU.ActiveCfg = Release|Any CPU
		{AB7A45A5-D6CA-4CF3-9A3A-3BFCAA8E6E1C}.Release|Any CPU.Build.0 = Release|Any CPU
		{F997894F-789C-43AD-A341-6A1D91F1F0C9}.Debug|Any CPU.ActiveCfg = Debug|Any CPU
		{F997894F-789C-43AD-A341-6A1D91F1F0C9}.Debug|Any CPU.Build.0 = Debug|Any CPU
		{F997894F-789C-43AD-A341-6A1D91F1F0C9}.Release|Any CPU.ActiveCfg = Release|Any CPU
		{F997894F-789C-43AD-A341-6A1D91F1F0C9}.Release|Any CPU.Build.0 = Release|Any CPU
		{893A8B70-784B-4609-AB9F-CD7FD46F6562}.Debug|Any CPU.ActiveCfg = Debug|Any CPU
		{893A8B70-784B-4609-AB9F-CD7FD46F6562}.Debug|Any CPU.Build.0 = Debug|Any CPU
		{893A8B70-784B-4609-AB9F-CD7FD46F6562}.Release|Any CPU.ActiveCfg = Release|Any CPU
		{893A8B70-784B-4609-AB9F-CD7FD46F6562}.Release|Any CPU.Build.0 = Release|Any CPU
	EndGlobalSection
	GlobalSection(SolutionProperties) = preSolution
		HideSolutionNode = FALSE
	EndGlobalSection
	GlobalSection(NestedProjects) = preSolution
		{AB7A45A5-D6CA-4CF3-9A3A-3BFCAA8E6E1C} = {3A2D90CA-4D32-4D04-A7EC-71E5D2E05633}
		{893A8B70-784B-4609-AB9F-CD7FD46F6562} = {3A2D90CA-4D32-4D04-A7EC-71E5D2E05633}
	EndGlobalSection
	GlobalSection(ExtensibilityGlobals) = postSolution
		SolutionGuid = {4A6D791F-762A-432A-ACAB-6EBDBCA0DA7A}
	EndGlobalSection
EndGlobal
